
Microsoft Visual Studio Solution File, Format Version 12.00
# Visual Studio Version 17
VisualStudioVersion = 17.9.34902.65
MinimumVisualStudioVersion = 10.0.40219.1
Project("{9A19103F-16F7-4668-BE54-9A1E7A4F7556}") = "GroupDocs.Conversion.Cli", "src\GroupDocs.Conversion.Cli\GroupDocs.Conversion.Cli.csproj", "{92EFAED7-A55E-460D-AAB6-13BAB3978827}"
EndProject
Project("{9A19103F-16F7-4668-BE54-9A1E7A4F7556}") = "GroupDocs.Conversion.Cli.Common", "src\GroupDocs.Conversion.Cli.Common\GroupDocs.Conversion.Cli.Common.csproj", "{CC9553EC-4677-4C93-92FE-A717C49CFA65}"
EndProject
Project("{9A19103F-16F7-4668-BE54-9A1E7A4F7556}") = "GroupDocs.Conversion.Cli.Utils", "src\GroupDocs.Conversion.Cli.Utils\GroupDocs.Conversion.Cli.Utils.csproj", "{196D925D-7844-4762-97B5-F9469418A754}"
EndProject
Project("{FAE04EC0-301F-11D3-BF4B-00C04F79EFBC}") = "GroupDocs.Conversion.Cli.Tests", "src\GroupDocs.Conversion.Cli.Tests\GroupDocs.Conversion.Cli.Tests.csproj", "{0862E2A7-6DE2-4310-BC9A-CD22DFDE9C3C}"
EndProject
Global
	GlobalSection(SolutionConfigurationPlatforms) = preSolution
		Debug|Any CPU = Debug|Any CPU
		Release|Any CPU = Release|Any CPU
	EndGlobalSection
	GlobalSection(ProjectConfigurationPlatforms) = postSolution
		{92EFAED7-A55E-460D-AAB6-13BAB3978827}.Debug|Any CPU.ActiveCfg = Debug|Any CPU
		{92EFAED7-A55E-460D-AAB6-13BAB3978827}.Debug|Any CPU.Build.0 = Debug|Any CPU
		{92EFAED7-A55E-460D-AAB6-13BAB3978827}.Release|Any CPU.ActiveCfg = Release|Any CPU
		{92EFAED7-A55E-460D-AAB6-13BAB3978827}.Release|Any CPU.Build.0 = Release|Any CPU
		{CC9553EC-4677-4C93-92FE-A717C49CFA65}.Debug|Any CPU.ActiveCfg = Debug|Any CPU
		{CC9553EC-4677-4C93-92FE-A717C49CFA65}.Debug|Any CPU.Build.0 = Debug|Any CPU
		{CC9553EC-4677-4C93-92FE-A717C49CFA65}.Release|Any CPU.ActiveCfg = Release|Any CPU
		{CC9553EC-4677-4C93-92FE-A717C49CFA65}.Release|Any CPU.Build.0 = Release|Any CPU
		{196D925D-7844-4762-97B5-F9469418A754}.Debug|Any CPU.ActiveCfg = Debug|Any CPU
		{196D925D-7844-4762-97B5-F9469418A754}.Debug|Any CPU.Build.0 = Debug|Any CPU
		{196D925D-7844-4762-97B5-F9469418A754}.Release|Any CPU.ActiveCfg = Release|Any CPU
		{196D925D-7844-4762-97B5-F9469418A754}.Release|Any CPU.Build.0 = Release|Any CPU
		{0862E2A7-6DE2-4310-BC9A-CD22DFDE9C3C}.Debug|Any CPU.ActiveCfg = Debug|Any CPU
		{0862E2A7-6DE2-4310-BC9A-CD22DFDE9C3C}.Debug|Any CPU.Build.0 = Debug|Any CPU
		{0862E2A7-6DE2-4310-BC9A-CD22DFDE9C3C}.Release|Any CPU.ActiveCfg = Release|Any CPU
		{0862E2A7-6DE2-4310-BC9A-CD22DFDE9C3C}.Release|Any CPU.Build.0 = Release|Any CPU
	EndGlobalSection
	GlobalSection(SolutionProperties) = preSolution
		HideSolutionNode = FALSE
	EndGlobalSection
	GlobalSection(ExtensibilityGlobals) = postSolution
		SolutionGuid = {EDD2CA5D-983C-4157-B30D-A86245AAF304}
	EndGlobalSection
EndGlobal
